
Microsoft Visual Studio Solution File, Format Version 12.00
# Visual Studio 15
VisualStudioVersion = 15.0.28307.106
MinimumVisualStudioVersion = 10.0.40219.1
Project("{FAE04EC0-301F-11D3-BF4B-00C04F79EFBC}") = "Datagram", "Datagram\Datagram.csproj", "{94DE9AE7-AE9D-47BC-BA8C-CC6A33D4E516}"
EndProject
Project("{FAE04EC0-301F-11D3-BF4B-00C04F79EFBC}") = "DatagramTests", "DatagramTests\DatagramTests.csproj", "{EB09C65B-8D1B-4E69-BEDD-1C0E58A2BE66}"
EndProject
Project("{FAE04EC0-301F-11D3-BF4B-00C04F79EFBC}") = "serwer", "serwer\serwer.csproj", "{22CBFFED-5DE8-49C4-816A-D8E16F6FCCC0}"
EndProject
Project("{FAE04EC0-301F-11D3-BF4B-00C04F79EFBC}") = "serwerTests", "serwerTests\serwerTests.csproj", "{823F6D08-8536-4189-934C-FB8A19EF9DAA}"
EndProject
Project("{FAE04EC0-301F-11D3-BF4B-00C04F79EFBC}") = "klient", "klient\klient.csproj", "{080F2859-14B6-44C6-93BA-6531FE1ABEA1}"
EndProject
Global
	GlobalSection(SolutionConfigurationPlatforms) = preSolution
		Debug|Any CPU = Debug|Any CPU
		Release|Any CPU = Release|Any CPU
	EndGlobalSection
	GlobalSection(ProjectConfigurationPlatforms) = postSolution
		{94DE9AE7-AE9D-47BC-BA8C-CC6A33D4E516}.Debug|Any CPU.ActiveCfg = Debug|Any CPU
		{94DE9AE7-AE9D-47BC-BA8C-CC6A33D4E516}.Debug|Any CPU.Build.0 = Debug|Any CPU
		{94DE9AE7-AE9D-47BC-BA8C-CC6A33D4E516}.Release|Any CPU.ActiveCfg = Release|Any CPU
		{94DE9AE7-AE9D-47BC-BA8C-CC6A33D4E516}.Release|Any CPU.Build.0 = Release|Any CPU
		{EB09C65B-8D1B-4E69-BEDD-1C0E58A2BE66}.Debug|Any CPU.ActiveCfg = Debug|Any CPU
		{EB09C65B-8D1B-4E69-BEDD-1C0E58A2BE66}.Debug|Any CPU.Build.0 = Debug|Any CPU
		{EB09C65B-8D1B-4E69-BEDD-1C0E58A2BE66}.Release|Any CPU.ActiveCfg = Release|Any CPU
		{EB09C65B-8D1B-4E69-BEDD-1C0E58A2BE66}.Release|Any CPU.Build.0 = Release|Any CPU
		{22CBFFED-5DE8-49C4-816A-D8E16F6FCCC0}.Debug|Any CPU.ActiveCfg = Debug|Any CPU
		{22CBFFED-5DE8-49C4-816A-D8E16F6FCCC0}.Debug|Any CPU.Build.0 = Debug|Any CPU
		{22CBFFED-5DE8-49C4-816A-D8E16F6FCCC0}.Release|Any CPU.ActiveCfg = Release|Any CPU
		{22CBFFED-5DE8-49C4-816A-D8E16F6FCCC0}.Release|Any CPU.Build.0 = Release|Any CPU
		{823F6D08-8536-4189-934C-FB8A19EF9DAA}.Debug|Any CPU.ActiveCfg = Debug|Any CPU
		{823F6D08-8536-4189-934C-FB8A19EF9DAA}.Debug|Any CPU.Build.0 = Debug|Any CPU
		{823F6D08-8536-4189-934C-FB8A19EF9DAA}.Release|Any CPU.ActiveCfg = Release|Any CPU
		{823F6D08-8536-4189-934C-FB8A19EF9DAA}.Release|Any CPU.Build.0 = Release|Any CPU
		{080F2859-14B6-44C6-93BA-6531FE1ABEA1}.Debug|Any CPU.ActiveCfg = Debug|Any CPU
		{080F2859-14B6-44C6-93BA-6531FE1ABEA1}.Debug|Any CPU.Build.0 = Debug|Any CPU
		{080F2859-14B6-44C6-93BA-6531FE1ABEA1}.Release|Any CPU.ActiveCfg = Release|Any CPU
		{080F2859-14B6-44C6-93BA-6531FE1ABEA1}.Release|Any CPU.Build.0 = Release|Any CPU
	EndGlobalSection
	GlobalSection(SolutionProperties) = preSolution
		HideSolutionNode = FALSE
	EndGlobalSection
	GlobalSection(ExtensibilityGlobals) = postSolution
		SolutionGuid = {B2102B11-89D2-4874-9080-7195C1302FF1}
	EndGlobalSection
EndGlobal
